
Microsoft Visual Studio Solution File, Format Version 12.00
# Visual Studio Version 17
VisualStudioVersion = 17.8.34330.188
MinimumVisualStudioVersion = 10.0.40219.1
Project("{FAE04EC0-301F-11D3-BF4B-00C04F79EFBC}") = "BasicProjectStructure", "BasicProjectStructure\BasicProjectStructure.csproj", "{3DFB9B81-E1A9-4B06-87C2-2C9BF7E64440}"
EndProject
Project("{FAE04EC0-301F-11D3-BF4B-00C04F79EFBC}") = "BasicProjectStructure.Data", "BasicProjectStructure.Data\BasicProjectStructure.Data.csproj", "{0B7E9349-D547-402C-B933-0C331029208A}"
EndProject
Global
	GlobalSection(SolutionConfigurationPlatforms) = preSolution
		Debug|Any CPU = Debug|Any CPU
		Release|Any CPU = Release|Any CPU
	EndGlobalSection
	GlobalSection(ProjectConfigurationPlatforms) = postSolution
		{3DFB9B81-E1A9-4B06-87C2-2C9BF7E64440}.Debug|Any CPU.ActiveCfg = Debug|Any CPU
		{3DFB9B81-E1A9-4B06-87C2-2C9BF7E64440}.Debug|Any CPU.Build.0 = Debug|Any CPU
		{3DFB9B81-E1A9-4B06-87C2-2C9BF7E64440}.Release|Any CPU.ActiveCfg = Release|Any CPU
		{3DFB9B81-E1A9-4B06-87C2-2C9BF7E64440}.Release|Any CPU.Build.0 = Release|Any CPU
		{0B7E9349-D547-402C-B933-0C331029208A}.Debug|Any CPU.ActiveCfg = Debug|Any CPU
		{0B7E9349-D547-402C-B933-0C331029208A}.Debug|Any CPU.Build.0 = Debug|Any CPU
		{0B7E9349-D547-402C-B933-0C331029208A}.Release|Any CPU.ActiveCfg = Release|Any CPU
		{0B7E9349-D547-402C-B933-0C331029208A}.Release|Any CPU.Build.0 = Release|Any CPU
	EndGlobalSection
	GlobalSection(SolutionProperties) = preSolution
		HideSolutionNode = FALSE
	EndGlobalSection
	GlobalSection(ExtensibilityGlobals) = postSolution
		SolutionGuid = {FCA03421-34FC-41DE-A303-F25503FC5966}
	EndGlobalSection
EndGlobal
